
Microsoft Visual Studio Solution File, Format Version 12.00
# Visual Studio 15
Project("{FAE04EC0-301F-11D3-BF4B-00C04F79EFBC}") = "OpgaveFe", "OpgaveFe.csproj", "{740BD3FE-AB2E-4C22-8DEB-F071D7463354}"
EndProject
Global
	GlobalSection(SolutionConfigurationPlatforms) = preSolution
		Debug|anycpu = Debug|anycpu
		Release|anycpu = Release|anycpu
	EndGlobalSection
	GlobalSection(ProjectConfigurationPlatforms) = postSolution
		{740BD3FE-AB2E-4C22-8DEB-F071D7463354}.Debug|anycpu.ActiveCfg = Debug|anycpu
		{740BD3FE-AB2E-4C22-8DEB-F071D7463354}.Debug|anycpu.Build.0 = Debug|anycpu
		{740BD3FE-AB2E-4C22-8DEB-F071D7463354}.Release|anycpu.ActiveCfg = Release|anycpu
		{740BD3FE-AB2E-4C22-8DEB-F071D7463354}.Release|anycpu.Build.0 = Release|anycpu
	EndGlobalSection
EndGlobal
