
Microsoft Visual Studio Solution File, Format Version 12.00
# Visual Studio 15
Project("{FAE04EC0-301F-11D3-BF4B-00C04F79EFBC}") = "ClientVersionTwo", "ClientVersionTwo.csproj", "{819AD9E9-CBBE-405C-BF28-A4B22B7BAB17}"
EndProject
Global
	GlobalSection(SolutionConfigurationPlatforms) = preSolution
		Debug|anycpu = Debug|anycpu
		Release|anycpu = Release|anycpu
	EndGlobalSection
	GlobalSection(ProjectConfigurationPlatforms) = postSolution
		{819AD9E9-CBBE-405C-BF28-A4B22B7BAB17}.Debug|anycpu.ActiveCfg = Debug|anycpu
		{819AD9E9-CBBE-405C-BF28-A4B22B7BAB17}.Debug|anycpu.Build.0 = Debug|anycpu
		{819AD9E9-CBBE-405C-BF28-A4B22B7BAB17}.Release|anycpu.ActiveCfg = Release|anycpu
		{819AD9E9-CBBE-405C-BF28-A4B22B7BAB17}.Release|anycpu.Build.0 = Release|anycpu
	EndGlobalSection
EndGlobal
