
Microsoft Visual Studio Solution File, Format Version 12.00
# Visual Studio 15
Project("{FAE04EC0-301F-11D3-BF4B-00C04F79EFBC}") = "ServerVersionTwo", "ServerVersionTwo.csproj", "{D851FE85-33C0-42EB-889E-E37B3A2DA3EF}"
EndProject
Global
	GlobalSection(SolutionConfigurationPlatforms) = preSolution
		Debug|anycpu = Debug|anycpu
		Release|anycpu = Release|anycpu
	EndGlobalSection
	GlobalSection(ProjectConfigurationPlatforms) = postSolution
		{D851FE85-33C0-42EB-889E-E37B3A2DA3EF}.Debug|anycpu.ActiveCfg = Debug|anycpu
		{D851FE85-33C0-42EB-889E-E37B3A2DA3EF}.Debug|anycpu.Build.0 = Debug|anycpu
		{D851FE85-33C0-42EB-889E-E37B3A2DA3EF}.Release|anycpu.ActiveCfg = Release|anycpu
		{D851FE85-33C0-42EB-889E-E37B3A2DA3EF}.Release|anycpu.Build.0 = Release|anycpu
	EndGlobalSection
EndGlobal
