
Microsoft Visual Studio Solution File, Format Version 12.00
# Visual Studio 15
Project("{FAE04EC0-301F-11D3-BF4B-00C04F79EFBC}") = "AsyncClient", "AsyncClient.csproj", "{CBD0A088-A1FA-4B00-9250-3C0A180E8823}"
EndProject
Global
	GlobalSection(SolutionConfigurationPlatforms) = preSolution
		Debug|anycpu = Debug|anycpu
		Release|anycpu = Release|anycpu
	EndGlobalSection
	GlobalSection(ProjectConfigurationPlatforms) = postSolution
		{CBD0A088-A1FA-4B00-9250-3C0A180E8823}.Debug|anycpu.ActiveCfg = Debug|anycpu
		{CBD0A088-A1FA-4B00-9250-3C0A180E8823}.Debug|anycpu.Build.0 = Debug|anycpu
		{CBD0A088-A1FA-4B00-9250-3C0A180E8823}.Release|anycpu.ActiveCfg = Release|anycpu
		{CBD0A088-A1FA-4B00-9250-3C0A180E8823}.Release|anycpu.Build.0 = Release|anycpu
	EndGlobalSection
EndGlobal
