
Microsoft Visual Studio Solution File, Format Version 12.00
# Visual Studio 15
Project("{FAE04EC0-301F-11D3-BF4B-00C04F79EFBC}") = "AsyncServer", "AsyncServer.csproj", "{029BF06E-EAEE-45EA-A627-962CDF9BF84A}"
EndProject
Global
	GlobalSection(SolutionConfigurationPlatforms) = preSolution
		Debug|anycpu = Debug|anycpu
		Release|anycpu = Release|anycpu
	EndGlobalSection
	GlobalSection(ProjectConfigurationPlatforms) = postSolution
		{029BF06E-EAEE-45EA-A627-962CDF9BF84A}.Debug|anycpu.ActiveCfg = Debug|anycpu
		{029BF06E-EAEE-45EA-A627-962CDF9BF84A}.Debug|anycpu.Build.0 = Debug|anycpu
		{029BF06E-EAEE-45EA-A627-962CDF9BF84A}.Release|anycpu.ActiveCfg = Release|anycpu
		{029BF06E-EAEE-45EA-A627-962CDF9BF84A}.Release|anycpu.Build.0 = Release|anycpu
	EndGlobalSection
EndGlobal
