
Microsoft Visual Studio Solution File, Format Version 12.00
# Visual Studio 15
Project("{FAE04EC0-301F-11D3-BF4B-00C04F79EFBC}") = "DagEtOpgaveTo", "DagEtOpgaveTo.csproj", "{325DD0C1-301A-42B7-8078-D2C817C2D126}"
EndProject
Global
	GlobalSection(SolutionConfigurationPlatforms) = preSolution
		Debug|anycpu = Debug|anycpu
		Release|anycpu = Release|anycpu
	EndGlobalSection
	GlobalSection(ProjectConfigurationPlatforms) = postSolution
		{325DD0C1-301A-42B7-8078-D2C817C2D126}.Debug|anycpu.ActiveCfg = Debug|anycpu
		{325DD0C1-301A-42B7-8078-D2C817C2D126}.Debug|anycpu.Build.0 = Debug|anycpu
		{325DD0C1-301A-42B7-8078-D2C817C2D126}.Release|anycpu.ActiveCfg = Release|anycpu
		{325DD0C1-301A-42B7-8078-D2C817C2D126}.Release|anycpu.Build.0 = Release|anycpu
	EndGlobalSection
EndGlobal
