
Microsoft Visual Studio Solution File, Format Version 12.00
# Visual Studio 15
Project("{FAE04EC0-301F-11D3-BF4B-00C04F79EFBC}") = "Client", "Client.csproj", "{C185CD05-FC17-4C65-9356-1EAE2FA401CD}"
EndProject
Global
	GlobalSection(SolutionConfigurationPlatforms) = preSolution
		Debug|anycpu = Debug|anycpu
		Release|anycpu = Release|anycpu
	EndGlobalSection
	GlobalSection(ProjectConfigurationPlatforms) = postSolution
		{C185CD05-FC17-4C65-9356-1EAE2FA401CD}.Debug|anycpu.ActiveCfg = Debug|anycpu
		{C185CD05-FC17-4C65-9356-1EAE2FA401CD}.Debug|anycpu.Build.0 = Debug|anycpu
		{C185CD05-FC17-4C65-9356-1EAE2FA401CD}.Release|anycpu.ActiveCfg = Release|anycpu
		{C185CD05-FC17-4C65-9356-1EAE2FA401CD}.Release|anycpu.Build.0 = Release|anycpu
	EndGlobalSection
EndGlobal
