
Microsoft Visual Studio Solution File, Format Version 12.00
# Visual Studio 15
Project("{FAE04EC0-301F-11D3-BF4B-00C04F79EFBC}") = "UdpAsyncClient", "UdpAsyncClient.csproj", "{AFC5D8A5-A68F-4227-9AF8-9ECDFC811271}"
EndProject
Global
	GlobalSection(SolutionConfigurationPlatforms) = preSolution
		Debug|anycpu = Debug|anycpu
		Release|anycpu = Release|anycpu
	EndGlobalSection
	GlobalSection(ProjectConfigurationPlatforms) = postSolution
		{AFC5D8A5-A68F-4227-9AF8-9ECDFC811271}.Debug|anycpu.ActiveCfg = Debug|anycpu
		{AFC5D8A5-A68F-4227-9AF8-9ECDFC811271}.Debug|anycpu.Build.0 = Debug|anycpu
		{AFC5D8A5-A68F-4227-9AF8-9ECDFC811271}.Release|anycpu.ActiveCfg = Release|anycpu
		{AFC5D8A5-A68F-4227-9AF8-9ECDFC811271}.Release|anycpu.Build.0 = Release|anycpu
	EndGlobalSection
EndGlobal
